// !$*UTF8*$!
{
	archiveVersion = 1;
	classes = {
	};
	objectVersion = 56;
	objects = {

/* Begin PBXBuildFile section */
		9042C9D02A5A8813006D1274 /* AppDelegate.swift in Sources */ = {isa = PBXBuildFile; fileRef = 9042C9CF2A5A8813006D1274 /* AppDelegate.swift */; };
		9042C9D22A5A8813006D1274 /* SceneDelegate.swift in Sources */ = {isa = PBXBuildFile; fileRef = 9042C9D12A5A8813006D1274 /* SceneDelegate.swift */; };
		9042C9D42A5A8813006D1274 /* HomeViewController.swift in Sources */ = {isa = PBXBuildFile; fileRef = 9042C9D32A5A8813006D1274 /* HomeViewController.swift */; };
		9042C9D72A5A8813006D1274 /* Main.storyboard in Resources */ = {isa = PBXBuildFile; fileRef = 9042C9D52A5A8813006D1274 /* Main.storyboard */; };
		9042C9D92A5A8815006D1274 /* Assets.xcassets in Resources */ = {isa = PBXBuildFile; fileRef = 9042C9D82A5A8815006D1274 /* Assets.xcassets */; };
		9042C9DC2A5A8815006D1274 /* LaunchScreen.storyboard in Resources */ = {isa = PBXBuildFile; fileRef = 9042C9DA2A5A8815006D1274 /* LaunchScreen.storyboard */; };
		9042C9E72A5A8815006D1274 /* WeatherForecastTests.swift in Sources */ = {isa = PBXBuildFile; fileRef = 9042C9E62A5A8815006D1274 /* WeatherForecastTests.swift */; };
		9042C9F12A5A8815006D1274 /* WeatherForecastUITests.swift in Sources */ = {isa = PBXBuildFile; fileRef = 9042C9F02A5A8815006D1274 /* WeatherForecastUITests.swift */; };
		9042C9F32A5A8815006D1274 /* WeatherForecastUITestsLaunchTests.swift in Sources */ = {isa = PBXBuildFile; fileRef = 9042C9F22A5A8815006D1274 /* WeatherForecastUITestsLaunchTests.swift */; };
		9042CA022A5A893D006D1274 /* Requester.swift in Sources */ = {isa = PBXBuildFile; fileRef = 9042CA012A5A893D006D1274 /* Requester.swift */; };
		9042CA042A5A89D9006D1274 /* Constants.swift in Sources */ = {isa = PBXBuildFile; fileRef = 9042CA032A5A89D9006D1274 /* Constants.swift */; };
		9042CA072A5A946B006D1274 /* WeatherModel.swift in Sources */ = {isa = PBXBuildFile; fileRef = 9042CA062A5A946B006D1274 /* WeatherModel.swift */; };
		9042CA0A2A5A97DD006D1274 /* HomeViewControllerViewModel.swift in Sources */ = {isa = PBXBuildFile; fileRef = 9042CA092A5A97DD006D1274 /* HomeViewControllerViewModel.swift */; };
		9042CA0C2A5A9CC7006D1274 /* WeatherRequestModel.swift in Sources */ = {isa = PBXBuildFile; fileRef = 9042CA0B2A5A9CC7006D1274 /* WeatherRequestModel.swift */; };
		9042CA0F2A5ABA79006D1274 /* ForecastViewController.swift in Sources */ = {isa = PBXBuildFile; fileRef = 9042CA0E2A5ABA79006D1274 /* ForecastViewController.swift */; };
		9042CA112A5AC0BA006D1274 /* ForecastViewModel.swift in Sources */ = {isa = PBXBuildFile; fileRef = 9042CA102A5AC0BA006D1274 /* ForecastViewModel.swift */; };
		9042CA132A5ADA96006D1274 /* ForecastRequestModel.swift in Sources */ = {isa = PBXBuildFile; fileRef = 9042CA122A5ADA96006D1274 /* ForecastRequestModel.swift */; };
		9042CA152A5AE488006D1274 /* ForecastModel.swift in Sources */ = {isa = PBXBuildFile; fileRef = 9042CA142A5AE488006D1274 /* ForecastModel.swift */; };
		9042CA192A5AFE71006D1274 /* ForecastTableViewCell.swift in Sources */ = {isa = PBXBuildFile; fileRef = 9042CA172A5AFE71006D1274 /* ForecastTableViewCell.swift */; };
		9042CA1A2A5AFE71006D1274 /* ForecastTableViewCell.xib in Resources */ = {isa = PBXBuildFile; fileRef = 9042CA182A5AFE71006D1274 /* ForecastTableViewCell.xib */; };
		9042CA1C2A5B06B8006D1274 /* StringExtension.swift in Sources */ = {isa = PBXBuildFile; fileRef = 9042CA1B2A5B06B8006D1274 /* StringExtension.swift */; };
/* End PBXBuildFile section */

/* Begin PBXContainerItemProxy section */
		9042C9E32A5A8815006D1274 /* PBXContainerItemProxy */ = {
			isa = PBXContainerItemProxy;
			containerPortal = 9042C9C42A5A8813006D1274 /* Project object */;
			proxyType = 1;
			remoteGlobalIDString = 9042C9CB2A5A8813006D1274;
			remoteInfo = WeatherForecast;
		};
		9042C9ED2A5A8815006D1274 /* PBXContainerItemProxy */ = {
			isa = PBXContainerItemProxy;
			containerPortal = 9042C9C42A5A8813006D1274 /* Project object */;
			proxyType = 1;
			remoteGlobalIDString = 9042C9CB2A5A8813006D1274;
			remoteInfo = WeatherForecast;
		};
/* End PBXContainerItemProxy section */

/* Begin PBXFileReference section */
		9042C9CC2A5A8813006D1274 /* WeatherForecast.app */ = {isa = PBXFileReference; explicitFileType = wrapper.application; includeInIndex = 0; path = WeatherForecast.app; sourceTree = BUILT_PRODUCTS_DIR; };
		9042C9CF2A5A8813006D1274 /* AppDelegate.swift */ = {isa = PBXFileReference; lastKnownFileType = sourcecode.swift; path = AppDelegate.swift; sourceTree = "<group>"; };
		9042C9D12A5A8813006D1274 /* SceneDelegate.swift */ = {isa = PBXFileReference; lastKnownFileType = sourcecode.swift; path = SceneDelegate.swift; sourceTree = "<group>"; };
		9042C9D32A5A8813006D1274 /* HomeViewController.swift */ = {isa = PBXFileReference; lastKnownFileType = sourcecode.swift; path = HomeViewController.swift; sourceTree = "<group>"; };
		9042C9D62A5A8813006D1274 /* Base */ = {isa = PBXFileReference; lastKnownFileType = file.storyboard; name = Base; path = Base.lproj/Main.storyboard; sourceTree = "<group>"; };
		9042C9D82A5A8815006D1274 /* Assets.xcassets */ = {isa = PBXFileReference; lastKnownFileType = folder.assetcatalog; path = Assets.xcassets; sourceTree = "<group>"; };
		9042C9DB2A5A8815006D1274 /* Base */ = {isa = PBXFileReference; lastKnownFileType = file.storyboard; name = Base; path = Base.lproj/LaunchScreen.storyboard; sourceTree = "<group>"; };
		9042C9DD2A5A8815006D1274 /* Info.plist */ = {isa = PBXFileReference; lastKnownFileType = text.plist.xml; path = Info.plist; sourceTree = "<group>"; };
		9042C9E22A5A8815006D1274 /* WeatherForecastTests.xctest */ = {isa = PBXFileReference; explicitFileType = wrapper.cfbundle; includeInIndex = 0; path = WeatherForecastTests.xctest; sourceTree = BUILT_PRODUCTS_DIR; };
		9042C9E62A5A8815006D1274 /* WeatherForecastTests.swift */ = {isa = PBXFileReference; lastKnownFileType = sourcecode.swift; path = WeatherForecastTests.swift; sourceTree = "<group>"; };
		9042C9EC2A5A8815006D1274 /* WeatherForecastUITests.xctest */ = {isa = PBXFileReference; explicitFileType = wrapper.cfbundle; includeInIndex = 0; path = WeatherForecastUITests.xctest; sourceTree = BUILT_PRODUCTS_DIR; };
		9042C9F02A5A8815006D1274 /* WeatherForecastUITests.swift */ = {isa = PBXFileReference; lastKnownFileType = sourcecode.swift; path = WeatherForecastUITests.swift; sourceTree = "<group>"; };
		9042C9F22A5A8815006D1274 /* WeatherForecastUITestsLaunchTests.swift */ = {isa = PBXFileReference; lastKnownFileType = sourcecode.swift; path = WeatherForecastUITestsLaunchTests.swift; sourceTree = "<group>"; };
		9042CA012A5A893D006D1274 /* Requester.swift */ = {isa = PBXFileReference; lastKnownFileType = sourcecode.swift; path = Requester.swift; sourceTree = "<group>"; };
		9042CA032A5A89D9006D1274 /* Constants.swift */ = {isa = PBXFileReference; lastKnownFileType = sourcecode.swift; path = Constants.swift; sourceTree = "<group>"; };
		9042CA062A5A946B006D1274 /* WeatherModel.swift */ = {isa = PBXFileReference; lastKnownFileType = sourcecode.swift; path = WeatherModel.swift; sourceTree = "<group>"; };
		9042CA092A5A97DD006D1274 /* HomeViewControllerViewModel.swift */ = {isa = PBXFileReference; lastKnownFileType = sourcecode.swift; path = HomeViewControllerViewModel.swift; sourceTree = "<group>"; };
		9042CA0B2A5A9CC7006D1274 /* WeatherRequestModel.swift */ = {isa = PBXFileReference; lastKnownFileType = sourcecode.swift; path = WeatherRequestModel.swift; sourceTree = "<group>"; };
		9042CA0E2A5ABA79006D1274 /* ForecastViewController.swift */ = {isa = PBXFileReference; lastKnownFileType = sourcecode.swift; path = ForecastViewController.swift; sourceTree = "<group>"; };
		9042CA102A5AC0BA006D1274 /* ForecastViewModel.swift */ = {isa = PBXFileReference; lastKnownFileType = sourcecode.swift; path = ForecastViewModel.swift; sourceTree = "<group>"; };
		9042CA122A5ADA96006D1274 /* ForecastRequestModel.swift */ = {isa = PBXFileReference; lastKnownFileType = sourcecode.swift; path = ForecastRequestModel.swift; sourceTree = "<group>"; };
		9042CA142A5AE488006D1274 /* ForecastModel.swift */ = {isa = PBXFileReference; lastKnownFileType = sourcecode.swift; path = ForecastModel.swift; sourceTree = "<group>"; };
		9042CA172A5AFE71006D1274 /* ForecastTableViewCell.swift */ = {isa = PBXFileReference; lastKnownFileType = sourcecode.swift; path = ForecastTableViewCell.swift; sourceTree = "<group>"; };
		9042CA182A5AFE71006D1274 /* ForecastTableViewCell.xib */ = {isa = PBXFileReference; lastKnownFileType = file.xib; path = ForecastTableViewCell.xib; sourceTree = "<group>"; };
		9042CA1B2A5B06B8006D1274 /* StringExtension.swift */ = {isa = PBXFileReference; lastKnownFileType = sourcecode.swift; path = StringExtension.swift; sourceTree = "<group>"; };
/* End PBXFileReference section */

/* Begin PBXFrameworksBuildPhase section */
		9042C9C92A5A8813006D1274 /* Frameworks */ = {
			isa = PBXFrameworksBuildPhase;
			buildActionMask = 2147483647;
			files = (
			);
			runOnlyForDeploymentPostprocessing = 0;
		};
		9042C9DF2A5A8815006D1274 /* Frameworks */ = {
			isa = PBXFrameworksBuildPhase;
			buildActionMask = 2147483647;
			files = (
			);
			runOnlyForDeploymentPostprocessing = 0;
		};
		9042C9E92A5A8815006D1274 /* Frameworks */ = {
			isa = PBXFrameworksBuildPhase;
			buildActionMask = 2147483647;
			files = (
			);
			runOnlyForDeploymentPostprocessing = 0;
		};
/* End PBXFrameworksBuildPhase section */

/* Begin PBXGroup section */
		9042C9C32A5A8813006D1274 = {
			isa = PBXGroup;
			children = (
				9042C9CE2A5A8813006D1274 /* WeatherForecast */,
				9042C9E52A5A8815006D1274 /* WeatherForecastTests */,
				9042C9EF2A5A8815006D1274 /* WeatherForecastUITests */,
				9042C9CD2A5A8813006D1274 /* Products */,
			);
			sourceTree = "<group>";
		};
		9042C9CD2A5A8813006D1274 /* Products */ = {
			isa = PBXGroup;
			children = (
				9042C9CC2A5A8813006D1274 /* WeatherForecast.app */,
				9042C9E22A5A8815006D1274 /* WeatherForecastTests.xctest */,
				9042C9EC2A5A8815006D1274 /* WeatherForecastUITests.xctest */,
			);
			name = Products;
			sourceTree = "<group>";
		};
		9042C9CE2A5A8813006D1274 /* WeatherForecast */ = {
			isa = PBXGroup;
			children = (
				9042CA052A5A9445006D1274 /* Models */,
				9042CA002A5A887C006D1274 /* Utilities */,
				9042C9FF2A5A8874006D1274 /* Screens */,
				9042C9CF2A5A8813006D1274 /* AppDelegate.swift */,
				9042C9D12A5A8813006D1274 /* SceneDelegate.swift */,
				9042C9D52A5A8813006D1274 /* Main.storyboard */,
				9042C9D82A5A8815006D1274 /* Assets.xcassets */,
				9042C9DA2A5A8815006D1274 /* LaunchScreen.storyboard */,
				9042C9DD2A5A8815006D1274 /* Info.plist */,
			);
			path = WeatherForecast;
			sourceTree = "<group>";
		};
		9042C9E52A5A8815006D1274 /* WeatherForecastTests */ = {
			isa = PBXGroup;
			children = (
				9042C9E62A5A8815006D1274 /* WeatherForecastTests.swift */,
			);
			path = WeatherForecastTests;
			sourceTree = "<group>";
		};
		9042C9EF2A5A8815006D1274 /* WeatherForecastUITests */ = {
			isa = PBXGroup;
			children = (
				9042C9F02A5A8815006D1274 /* WeatherForecastUITests.swift */,
				9042C9F22A5A8815006D1274 /* WeatherForecastUITestsLaunchTests.swift */,
			);
			path = WeatherForecastUITests;
			sourceTree = "<group>";
		};
		9042C9FF2A5A8874006D1274 /* Screens */ = {
			isa = PBXGroup;
			children = (
				9042CA0D2A5ABA3B006D1274 /* ForecastScreen */,
				9042CA082A5A97B8006D1274 /* HomeScreen */,
			);
			path = Screens;
			sourceTree = "<group>";
		};
		9042CA002A5A887C006D1274 /* Utilities */ = {
			isa = PBXGroup;
			children = (
				9042CA012A5A893D006D1274 /* Requester.swift */,
				9042CA032A5A89D9006D1274 /* Constants.swift */,
				9042CA1B2A5B06B8006D1274 /* StringExtension.swift */,
			);
			path = Utilities;
			sourceTree = "<group>";
		};
		9042CA052A5A9445006D1274 /* Models */ = {
			isa = PBXGroup;
			children = (
				9042CA062A5A946B006D1274 /* WeatherModel.swift */,
				9042CA0B2A5A9CC7006D1274 /* WeatherRequestModel.swift */,
				9042CA122A5ADA96006D1274 /* ForecastRequestModel.swift */,
				9042CA142A5AE488006D1274 /* ForecastModel.swift */,
			);
			path = Models;
			sourceTree = "<group>";
		};
		9042CA082A5A97B8006D1274 /* HomeScreen */ = {
			isa = PBXGroup;
			children = (
				9042C9D32A5A8813006D1274 /* HomeViewController.swift */,
				9042CA092A5A97DD006D1274 /* HomeViewControllerViewModel.swift */,
			);
			path = HomeScreen;
			sourceTree = "<group>";
		};
		9042CA0D2A5ABA3B006D1274 /* ForecastScreen */ = {
			isa = PBXGroup;
			children = (
				9042CA162A5AFE3B006D1274 /* ForecastTableViewCell */,
				9042CA0E2A5ABA79006D1274 /* ForecastViewController.swift */,
				9042CA102A5AC0BA006D1274 /* ForecastViewModel.swift */,
			);
			path = ForecastScreen;
			sourceTree = "<group>";
		};
		9042CA162A5AFE3B006D1274 /* ForecastTableViewCell */ = {
			isa = PBXGroup;
			children = (
				9042CA172A5AFE71006D1274 /* ForecastTableViewCell.swift */,
				9042CA182A5AFE71006D1274 /* ForecastTableViewCell.xib */,
			);
			path = ForecastTableViewCell;
			sourceTree = "<group>";
		};
/* End PBXGroup section */

/* Begin PBXNativeTarget section */
		9042C9CB2A5A8813006D1274 /* WeatherForecast */ = {
			isa = PBXNativeTarget;
			buildConfigurationList = 9042C9F62A5A8815006D1274 /* Build configuration list for PBXNativeTarget "WeatherForecast" */;
			buildPhases = (
				9042C9C82A5A8813006D1274 /* Sources */,
				9042C9C92A5A8813006D1274 /* Frameworks */,
				9042C9CA2A5A8813006D1274 /* Resources */,
			);
			buildRules = (
			);
			dependencies = (
			);
			name = WeatherForecast;
			productName = WeatherForecast;
			productReference = 9042C9CC2A5A8813006D1274 /* WeatherForecast.app */;
			productType = "com.apple.product-type.application";
		};
		9042C9E12A5A8815006D1274 /* WeatherForecastTests */ = {
			isa = PBXNativeTarget;
			buildConfigurationList = 9042C9F92A5A8815006D1274 /* Build configuration list for PBXNativeTarget "WeatherForecastTests" */;
			buildPhases = (
				9042C9DE2A5A8815006D1274 /* Sources */,
				9042C9DF2A5A8815006D1274 /* Frameworks */,
				9042C9E02A5A8815006D1274 /* Resources */,
			);
			buildRules = (
			);
			dependencies = (
				9042C9E42A5A8815006D1274 /* PBXTargetDependency */,
			);
			name = WeatherForecastTests;
			productName = WeatherForecastTests;
			productReference = 9042C9E22A5A8815006D1274 /* WeatherForecastTests.xctest */;
			productType = "com.apple.product-type.bundle.unit-test";
		};
		9042C9EB2A5A8815006D1274 /* WeatherForecastUITests */ = {
			isa = PBXNativeTarget;
			buildConfigurationList = 9042C9FC2A5A8815006D1274 /* Build configuration list for PBXNativeTarget "WeatherForecastUITests" */;
			buildPhases = (
				9042C9E82A5A8815006D1274 /* Sources */,
				9042C9E92A5A8815006D1274 /* Frameworks */,
				9042C9EA2A5A8815006D1274 /* Resources */,
			);
			buildRules = (
			);
			dependencies = (
				9042C9EE2A5A8815006D1274 /* PBXTargetDependency */,
			);
			name = WeatherForecastUITests;
			productName = WeatherForecastUITests;
			productReference = 9042C9EC2A5A8815006D1274 /* WeatherForecastUITests.xctest */;
			productType = "com.apple.product-type.bundle.ui-testing";
		};
/* End PBXNativeTarget section */

/* Begin PBXProject section */
		9042C9C42A5A8813006D1274 /* Project object */ = {
			isa = PBXProject;
			attributes = {
				BuildIndependentTargetsInParallel = 1;
				LastSwiftUpdateCheck = 1430;
				LastUpgradeCheck = 1430;
				TargetAttributes = {
					9042C9CB2A5A8813006D1274 = {
						CreatedOnToolsVersion = 14.3.1;
					};
					9042C9E12A5A8815006D1274 = {
						CreatedOnToolsVersion = 14.3.1;
						TestTargetID = 9042C9CB2A5A8813006D1274;
					};
					9042C9EB2A5A8815006D1274 = {
						CreatedOnToolsVersion = 14.3.1;
						TestTargetID = 9042C9CB2A5A8813006D1274;
					};
				};
			};
			buildConfigurationList = 9042C9C72A5A8813006D1274 /* Build configuration list for PBXProject "WeatherForecast" */;
			compatibilityVersion = "Xcode 14.0";
			developmentRegion = en;
			hasScannedForEncodings = 0;
			knownRegions = (
				en,
				Base,
			);
			mainGroup = 9042C9C32A5A8813006D1274;
			productRefGroup = 9042C9CD2A5A8813006D1274 /* Products */;
			projectDirPath = "";
			projectRoot = "";
			targets = (
				9042C9CB2A5A8813006D1274 /* WeatherForecast */,
				9042C9E12A5A8815006D1274 /* WeatherForecastTests */,
				9042C9EB2A5A8815006D1274 /* WeatherForecastUITests */,
			);
		};
/* End PBXProject section */

/* Begin PBXResourcesBuildPhase section */
		9042C9CA2A5A8813006D1274 /* Resources */ = {
			isa = PBXResourcesBuildPhase;
			buildActionMask = 2147483647;
			files = (
				9042CA1A2A5AFE71006D1274 /* ForecastTableViewCell.xib in Resources */,
				9042C9DC2A5A8815006D1274 /* LaunchScreen.storyboard in Resources */,
				9042C9D92A5A8815006D1274 /* Assets.xcassets in Resources */,
				9042C9D72A5A8813006D1274 /* Main.storyboard in Resources */,
			);
			runOnlyForDeploymentPostprocessing = 0;
		};
		9042C9E02A5A8815006D1274 /* Resources */ = {
			isa = PBXResourcesBuildPhase;
			buildActionMask = 2147483647;
			files = (
			);
			runOnlyForDeploymentPostprocessing = 0;
		};
		9042C9EA2A5A8815006D1274 /* Resources */ = {
			isa = PBXResourcesBuildPhase;
			buildActionMask = 2147483647;
			files = (
			);
			runOnlyForDeploymentPostprocessing = 0;
		};
/* End PBXResourcesBuildPhase section */

/* Begin PBXSourcesBuildPhase section */
		9042C9C82A5A8813006D1274 /* Sources */ = {
			isa = PBXSourcesBuildPhase;
			buildActionMask = 2147483647;
			files = (
				9042CA042A5A89D9006D1274 /* Constants.swift in Sources */,
				9042C9D42A5A8813006D1274 /* HomeViewController.swift in Sources */,
				9042CA0F2A5ABA79006D1274 /* ForecastViewController.swift in Sources */,
				9042C9D02A5A8813006D1274 /* AppDelegate.swift in Sources */,
				9042CA022A5A893D006D1274 /* Requester.swift in Sources */,
				9042CA132A5ADA96006D1274 /* ForecastRequestModel.swift in Sources */,
				9042CA192A5AFE71006D1274 /* ForecastTableViewCell.swift in Sources */,
				9042CA072A5A946B006D1274 /* WeatherModel.swift in Sources */,
				9042CA1C2A5B06B8006D1274 /* StringExtension.swift in Sources */,
				9042CA112A5AC0BA006D1274 /* ForecastViewModel.swift in Sources */,
				9042C9D22A5A8813006D1274 /* SceneDelegate.swift in Sources */,
				9042CA0C2A5A9CC7006D1274 /* WeatherRequestModel.swift in Sources */,
				9042CA152A5AE488006D1274 /* ForecastModel.swift in Sources */,
				9042CA0A2A5A97DD006D1274 /* HomeViewControllerViewModel.swift in Sources */,
			);
			runOnlyForDeploymentPostprocessing = 0;
		};
		9042C9DE2A5A8815006D1274 /* Sources */ = {
			isa = PBXSourcesBuildPhase;
			buildActionMask = 2147483647;
			files = (
				9042C9E72A5A8815006D1274 /* WeatherForecastTests.swift in Sources */,
			);
			runOnlyForDeploymentPostprocessing = 0;
		};
		9042C9E82A5A8815006D1274 /* Sources */ = {
			isa = PBXSourcesBuildPhase;
			buildActionMask = 2147483647;
			files = (
				9042C9F32A5A8815006D1274 /* WeatherForecastUITestsLaunchTests.swift in Sources */,
				9042C9F12A5A8815006D1274 /* WeatherForecastUITests.swift in Sources */,
			);
			runOnlyForDeploymentPostprocessing = 0;
		};
/* End PBXSourcesBuildPhase section */

/* Begin PBXTargetDependency section */
		9042C9E42A5A8815006D1274 /* PBXTargetDependency */ = {
			isa = PBXTargetDependency;
			target = 9042C9CB2A5A8813006D1274 /* WeatherForecast */;
			targetProxy = 9042C9E32A5A8815006D1274 /* PBXContainerItemProxy */;
		};
		9042C9EE2A5A8815006D1274 /* PBXTargetDependency */ = {
			isa = PBXTargetDependency;
			target = 9042C9CB2A5A8813006D1274 /* WeatherForecast */;
			targetProxy = 9042C9ED2A5A8815006D1274 /* PBXContainerItemProxy */;
		};
/* End PBXTargetDependency section */

/* Begin PBXVariantGroup section */
		9042C9D52A5A8813006D1274 /* Main.storyboard */ = {
			isa = PBXVariantGroup;
			children = (
				9042C9D62A5A8813006D1274 /* Base */,
			);
			name = Main.storyboard;
			sourceTree = "<group>";
		};
		9042C9DA2A5A8815006D1274 /* LaunchScreen.storyboard */ = {
			isa = PBXVariantGroup;
			children = (
				9042C9DB2A5A8815006D1274 /* Base */,
			);
			name = LaunchScreen.storyboard;
			sourceTree = "<group>";
		};
/* End PBXVariantGroup section */

/* Begin XCBuildConfiguration section */
		9042C9F42A5A8815006D1274 /* Debug */ = {
			isa = XCBuildConfiguration;
			buildSettings = {
				ALWAYS_SEARCH_USER_PATHS = NO;
				CLANG_ANALYZER_NONNULL = YES;
				CLANG_ANALYZER_NUMBER_OBJECT_CONVERSION = YES_AGGRESSIVE;
				CLANG_CXX_LANGUAGE_STANDARD = "gnu++20";
				CLANG_ENABLE_MODULES = YES;
				CLANG_ENABLE_OBJC_ARC = YES;
				CLANG_ENABLE_OBJC_WEAK = YES;
				CLANG_WARN_BLOCK_CAPTURE_AUTORELEASING = YES;
				CLANG_WARN_BOOL_CONVERSION = YES;
				CLANG_WARN_COMMA = YES;
				CLANG_WARN_CONSTANT_CONVERSION = YES;
				CLANG_WARN_DEPRECATED_OBJC_IMPLEMENTATIONS = YES;
				CLANG_WARN_DIRECT_OBJC_ISA_USAGE = YES_ERROR;
				CLANG_WARN_DOCUMENTATION_COMMENTS = YES;
				CLANG_WARN_EMPTY_BODY = YES;
				CLANG_WARN_ENUM_CONVERSION = YES;
				CLANG_WARN_INFINITE_RECURSION = YES;
				CLANG_WARN_INT_CONVERSION = YES;
				CLANG_WARN_NON_LITERAL_NULL_CONVERSION = YES;
				CLANG_WARN_OBJC_IMPLICIT_RETAIN_SELF = YES;
				CLANG_WARN_OBJC_LITERAL_CONVERSION = YES;
				CLANG_WARN_OBJC_ROOT_CLASS = YES_ERROR;
				CLANG_WARN_QUOTED_INCLUDE_IN_FRAMEWORK_HEADER = YES;
				CLANG_WARN_RANGE_LOOP_ANALYSIS = YES;
				CLANG_WARN_STRICT_PROTOTYPES = YES;
				CLANG_WARN_SUSPICIOUS_MOVE = YES;
				CLANG_WARN_UNGUARDED_AVAILABILITY = YES_AGGRESSIVE;
				CLANG_WARN_UNREACHABLE_CODE = YES;
				CLANG_WARN__DUPLICATE_METHOD_MATCH = YES;
				COPY_PHASE_STRIP = NO;
				DEBUG_INFORMATION_FORMAT = dwarf;
				ENABLE_STRICT_OBJC_MSGSEND = YES;
				ENABLE_TESTABILITY = YES;
				GCC_C_LANGUAGE_STANDARD = gnu11;
				GCC_DYNAMIC_NO_PIC = NO;
				GCC_NO_COMMON_BLOCKS = YES;
				GCC_OPTIMIZATION_LEVEL = 0;
				GCC_PREPROCESSOR_DEFINITIONS = (
					"DEBUG=1",
					"$(inherited)",
				);
				GCC_WARN_64_TO_32_BIT_CONVERSION = YES;
				GCC_WARN_ABOUT_RETURN_TYPE = YES_ERROR;
				GCC_WARN_UNDECLARED_SELECTOR = YES;
				GCC_WARN_UNINITIALIZED_AUTOS = YES_AGGRESSIVE;
				GCC_WARN_UNUSED_FUNCTION = YES;
				GCC_WARN_UNUSED_VARIABLE = YES;
				IPHONEOS_DEPLOYMENT_TARGET = 13.0;
				MTL_ENABLE_DEBUG_INFO = INCLUDE_SOURCE;
				MTL_FAST_MATH = YES;
				ONLY_ACTIVE_ARCH = YES;
				SDKROOT = iphoneos;
				SWIFT_ACTIVE_COMPILATION_CONDITIONS = DEBUG;
				SWIFT_OPTIMIZATION_LEVEL = "-Onone";
			};
			name = Debug;
		};
		9042C9F52A5A8815006D1274 /* Release */ = {
			isa = XCBuildConfiguration;
			buildSettings = {
				ALWAYS_SEARCH_USER_PATHS = NO;
				CLANG_ANALYZER_NONNULL = YES;
				CLANG_ANALYZER_NUMBER_OBJECT_CONVERSION = YES_AGGRESSIVE;
				CLANG_CXX_LANGUAGE_STANDARD = "gnu++20";
				CLANG_ENABLE_MODULES = YES;
				CLANG_ENABLE_OBJC_ARC = YES;
				CLANG_ENABLE_OBJC_WEAK = YES;
				CLANG_WARN_BLOCK_CAPTURE_AUTORELEASING = YES;
				CLANG_WARN_BOOL_CONVERSION = YES;
				CLANG_WARN_COMMA = YES;
				CLANG_WARN_CONSTANT_CONVERSION = YES;
				CLANG_WARN_DEPRECATED_OBJC_IMPLEMENTATIONS = YES;
				CLANG_WARN_DIRECT_OBJC_ISA_USAGE = YES_ERROR;
				CLANG_WARN_DOCUMENTATION_COMMENTS = YES;
				CLANG_WARN_EMPTY_BODY = YES;
				CLANG_WARN_ENUM_CONVERSION = YES;
				CLANG_WARN_INFINITE_RECURSION = YES;
				CLANG_WARN_INT_CONVERSION = YES;
				CLANG_WARN_NON_LITERAL_NULL_CONVERSION = YES;
				CLANG_WARN_OBJC_IMPLICIT_RETAIN_SELF = YES;
				CLANG_WARN_OBJC_LITERAL_CONVERSION = YES;
				CLANG_WARN_OBJC_ROOT_CLASS = YES_ERROR;
				CLANG_WARN_QUOTED_INCLUDE_IN_FRAMEWORK_HEADER = YES;
				CLANG_WARN_RANGE_LOOP_ANALYSIS = YES;
				CLANG_WARN_STRICT_PROTOTYPES = YES;
				CLANG_WARN_SUSPICIOUS_MOVE = YES;
				CLANG_WARN_UNGUARDED_AVAILABILITY = YES_AGGRESSIVE;
				CLANG_WARN_UNREACHABLE_CODE = YES;
				CLANG_WARN__DUPLICATE_METHOD_MATCH = YES;
				COPY_PHASE_STRIP = NO;
				DEBUG_INFORMATION_FORMAT = "dwarf-with-dsym";
				ENABLE_NS_ASSERTIONS = NO;
				ENABLE_STRICT_OBJC_MSGSEND = YES;
				GCC_C_LANGUAGE_STANDARD = gnu11;
				GCC_NO_COMMON_BLOCKS = YES;
				GCC_WARN_64_TO_32_BIT_CONVERSION = YES;
				GCC_WARN_ABOUT_RETURN_TYPE = YES_ERROR;
				GCC_WARN_UNDECLARED_SELECTOR = YES;
				GCC_WARN_UNINITIALIZED_AUTOS = YES_AGGRESSIVE;
				GCC_WARN_UNUSED_FUNCTION = YES;
				GCC_WARN_UNUSED_VARIABLE = YES;
				IPHONEOS_DEPLOYMENT_TARGET = 13.0;
				MTL_ENABLE_DEBUG_INFO = NO;
				MTL_FAST_MATH = YES;
				SDKROOT = iphoneos;
				SWIFT_COMPILATION_MODE = wholemodule;
				SWIFT_OPTIMIZATION_LEVEL = "-O";
				VALIDATE_PRODUCT = YES;
			};
			name = Release;
		};
		9042C9F72A5A8815006D1274 /* Debug */ = {
			isa = XCBuildConfiguration;
			buildSettings = {
				ASSETCATALOG_COMPILER_APPICON_NAME = AppIcon;
				ASSETCATALOG_COMPILER_GLOBAL_ACCENT_COLOR_NAME = AccentColor;
				CODE_SIGN_STYLE = Automatic;
				CURRENT_PROJECT_VERSION = 1;
				GENERATE_INFOPLIST_FILE = YES;
				INFOPLIST_FILE = WeatherForecast/Info.plist;
				INFOPLIST_KEY_UIApplicationSupportsIndirectInputEvents = YES;
				INFOPLIST_KEY_UILaunchStoryboardName = LaunchScreen;
				INFOPLIST_KEY_UIMainStoryboardFile = Main;
				INFOPLIST_KEY_UISupportedInterfaceOrientations_iPad = "UIInterfaceOrientationPortrait UIInterfaceOrientationPortraitUpsideDown UIInterfaceOrientationLandscapeLeft UIInterfaceOrientationLandscapeRight";
				INFOPLIST_KEY_UISupportedInterfaceOrientations_iPhone = "UIInterfaceOrientationPortrait UIInterfaceOrientationLandscapeLeft UIInterfaceOrientationLandscapeRight";
				IPHONEOS_DEPLOYMENT_TARGET = 13.0;
				LD_RUNPATH_SEARCH_PATHS = (
					"$(inherited)",
					"@executable_path/Frameworks",
				);
				MARKETING_VERSION = 1.0;
				PRODUCT_BUNDLE_IDENTIFIER = Tasit.WeatherForecast;
				PRODUCT_NAME = "$(TARGET_NAME)";
				SWIFT_EMIT_LOC_STRINGS = YES;
				SWIFT_VERSION = 5.0;
				TARGETED_DEVICE_FAMILY = "1,2";
			};
			name = Debug;
		};
		9042C9F82A5A8815006D1274 /* Release */ = {
			isa = XCBuildConfiguration;
			buildSettings = {
				ASSETCATALOG_COMPILER_APPICON_NAME = AppIcon;
				ASSETCATALOG_COMPILER_GLOBAL_ACCENT_COLOR_NAME = AccentColor;
				CODE_SIGN_STYLE = Automatic;
				CURRENT_PROJECT_VERSION = 1;
				GENERATE_INFOPLIST_FILE = YES;
				INFOPLIST_FILE = WeatherForecast/Info.plist;
				INFOPLIST_KEY_UIApplicationSupportsIndirectInputEvents = YES;
				INFOPLIST_KEY_UILaunchStoryboardName = LaunchScreen;
				INFOPLIST_KEY_UIMainStoryboardFile = Main;
				INFOPLIST_KEY_UISupportedInterfaceOrientations_iPad = "UIInterfaceOrientationPortrait UIInterfaceOrientationPortraitUpsideDown UIInterfaceOrientationLandscapeLeft UIInterfaceOrientationLandscapeRight";
				INFOPLIST_KEY_UISupportedInterfaceOrientations_iPhone = "UIInterfaceOrientationPortrait UIInterfaceOrientationLandscapeLeft UIInterfaceOrientationLandscapeRight";
				IPHONEOS_DEPLOYMENT_TARGET = 13.0;
				LD_RUNPATH_SEARCH_PATHS = (
					"$(inherited)",
					"@executable_path/Frameworks",
				);
				MARKETING_VERSION = 1.0;
				PRODUCT_BUNDLE_IDENTIFIER = Tasit.WeatherForecast;
				PRODUCT_NAME = "$(TARGET_NAME)";
				SWIFT_EMIT_LOC_STRINGS = YES;
				SWIFT_VERSION = 5.0;
				TARGETED_DEVICE_FAMILY = "1,2";
			};
			name = Release;
		};
		9042C9FA2A5A8815006D1274 /* Debug */ = {
			isa = XCBuildConfiguration;
			buildSettings = {
				ALWAYS_EMBED_SWIFT_STANDARD_LIBRARIES = YES;
				BUNDLE_LOADER = "$(TEST_HOST)";
				CODE_SIGN_STYLE = Automatic;
				CURRENT_PROJECT_VERSION = 1;
				GENERATE_INFOPLIST_FILE = YES;
				IPHONEOS_DEPLOYMENT_TARGET = 16.4;
				MARKETING_VERSION = 1.0;
				PRODUCT_BUNDLE_IDENTIFIER = Tasit.WeatherForecastTests;
				PRODUCT_NAME = "$(TARGET_NAME)";
				SWIFT_EMIT_LOC_STRINGS = NO;
				SWIFT_VERSION = 5.0;
				TARGETED_DEVICE_FAMILY = "1,2";
				TEST_HOST = "$(BUILT_PRODUCTS_DIR)/WeatherForecast.app/$(BUNDLE_EXECUTABLE_FOLDER_PATH)/WeatherForecast";
			};
			name = Debug;
		};
		9042C9FB2A5A8815006D1274 /* Release */ = {
			isa = XCBuildConfiguration;
			buildSettings = {
				ALWAYS_EMBED_SWIFT_STANDARD_LIBRARIES = YES;
				BUNDLE_LOADER = "$(TEST_HOST)";
				CODE_SIGN_STYLE = Automatic;
				CURRENT_PROJECT_VERSION = 1;
				GENERATE_INFOPLIST_FILE = YES;
				IPHONEOS_DEPLOYMENT_TARGET = 16.4;
				MARKETING_VERSION = 1.0;
				PRODUCT_BUNDLE_IDENTIFIER = Tasit.WeatherForecastTests;
				PRODUCT_NAME = "$(TARGET_NAME)";
				SWIFT_EMIT_LOC_STRINGS = NO;
				SWIFT_VERSION = 5.0;
				TARGETED_DEVICE_FAMILY = "1,2";
				TEST_HOST = "$(BUILT_PRODUCTS_DIR)/WeatherForecast.app/$(BUNDLE_EXECUTABLE_FOLDER_PATH)/WeatherForecast";
			};
			name = Release;
		};
		9042C9FD2A5A8815006D1274 /* Debug */ = {
			isa = XCBuildConfiguration;
			buildSettings = {
				ALWAYS_EMBED_SWIFT_STANDARD_LIBRARIES = YES;
				CODE_SIGN_STYLE = Automatic;
				CURRENT_PROJECT_VERSION = 1;
				GENERATE_INFOPLIST_FILE = YES;
				MARKETING_VERSION = 1.0;
				PRODUCT_BUNDLE_IDENTIFIER = Tasit.WeatherForecastUITests;
				PRODUCT_NAME = "$(TARGET_NAME)";
				SWIFT_EMIT_LOC_STRINGS = NO;
				SWIFT_VERSION = 5.0;
				TARGETED_DEVICE_FAMILY = "1,2";
				TEST_TARGET_NAME = WeatherForecast;
			};
			name = Debug;
		};
		9042C9FE2A5A8815006D1274 /* Release */ = {
			isa = XCBuildConfiguration;
			buildSettings = {
				ALWAYS_EMBED_SWIFT_STANDARD_LIBRARIES = YES;
				CODE_SIGN_STYLE = Automatic;
				CURRENT_PROJECT_VERSION = 1;
				GENERATE_INFOPLIST_FILE = YES;
				MARKETING_VERSION = 1.0;
				PRODUCT_BUNDLE_IDENTIFIER = Tasit.WeatherForecastUITests;
				PRODUCT_NAME = "$(TARGET_NAME)";
				SWIFT_EMIT_LOC_STRINGS = NO;
				SWIFT_VERSION = 5.0;
				TARGETED_DEVICE_FAMILY = "1,2";
				TEST_TARGET_NAME = WeatherForecast;
			};
			name = Release;
		};
/* End XCBuildConfiguration section */

/* Begin XCConfigurationList section */
		9042C9C72A5A8813006D1274 /* Build configuration list for PBXProject "WeatherForecast" */ = {
			isa = XCConfigurationList;
			buildConfigurations = (
				9042C9F42A5A8815006D1274 /* Debug */,
				9042C9F52A5A8815006D1274 /* Release */,
			);
			defaultConfigurationIsVisible = 0;
			defaultConfigurationName = Release;
		};
		9042C9F62A5A8815006D1274 /* Build configuration list for PBXNativeTarget "WeatherForecast" */ = {
			isa = XCConfigurationList;
			buildConfigurations = (
				9042C9F72A5A8815006D1274 /* Debug */,
				9042C9F82A5A8815006D1274 /* Release */,
			);
			defaultConfigurationIsVisible = 0;
			defaultConfigurationName = Release;
		};
		9042C9F92A5A8815006D1274 /* Build configuration list for PBXNativeTarget "WeatherForecastTests" */ = {
			isa = XCConfigurationList;
			buildConfigurations = (
				9042C9FA2A5A8815006D1274 /* Debug */,
				9042C9FB2A5A8815006D1274 /* Release */,
			);
			defaultConfigurationIsVisible = 0;
			defaultConfigurationName = Release;
		};
		9042C9FC2A5A8815006D1274 /* Build configuration list for PBXNativeTarget "WeatherForecastUITests" */ = {
			isa = XCConfigurationList;
			buildConfigurations = (
				9042C9FD2A5A8815006D1274 /* Debug */,
				9042C9FE2A5A8815006D1274 /* Release */,
			);
			defaultConfigurationIsVisible = 0;
			defaultConfigurationName = Release;
		};
/* End XCConfigurationList section */
	};
	rootObject = 9042C9C42A5A8813006D1274 /* Project object */;
}
